
Microsoft Visual Studio Solution File, Format Version 12.00
# Visual Studio Version 16
VisualStudioVersion = 16.0.29001.49
MinimumVisualStudioVersion = 10.0.40219.1
Project("{FAE04EC0-301F-11D3-BF4B-00C04F79EFBC}") = "FaceFinderPrism", "FaceFinderPrism\FaceFinderPrism.csproj", "{0FD9714D-5A65-4FF5-B63E-F7D8F17F25A5}"
EndProject
Project("{FAE04EC0-301F-11D3-BF4B-00C04F79EFBC}") = "FaceFinderPrism.Android", "FaceFinderPrism.Android\FaceFinderPrism.Android.csproj", "{A54322EC-1228-4EF8-8EDA-A47B92050F84}"
EndProject
Global
	GlobalSection(SolutionConfigurationPlatforms) = preSolution
		Debug|Any CPU = Debug|Any CPU
		Release|Any CPU = Release|Any CPU
	EndGlobalSection
	GlobalSection(ProjectConfigurationPlatforms) = postSolution
		{0FD9714D-5A65-4FF5-B63E-F7D8F17F25A5}.Debug|Any CPU.ActiveCfg = Debug|Any CPU
		{0FD9714D-5A65-4FF5-B63E-F7D8F17F25A5}.Debug|Any CPU.Build.0 = Debug|Any CPU
		{0FD9714D-5A65-4FF5-B63E-F7D8F17F25A5}.Release|Any CPU.ActiveCfg = Release|Any CPU
		{0FD9714D-5A65-4FF5-B63E-F7D8F17F25A5}.Release|Any CPU.Build.0 = Release|Any CPU
		{A54322EC-1228-4EF8-8EDA-A47B92050F84}.Debug|Any CPU.ActiveCfg = Debug|Any CPU
		{A54322EC-1228-4EF8-8EDA-A47B92050F84}.Debug|Any CPU.Build.0 = Debug|Any CPU
		{A54322EC-1228-4EF8-8EDA-A47B92050F84}.Debug|Any CPU.Deploy.0 = Debug|Any CPU
		{A54322EC-1228-4EF8-8EDA-A47B92050F84}.Release|Any CPU.ActiveCfg = Release|Any CPU
		{A54322EC-1228-4EF8-8EDA-A47B92050F84}.Release|Any CPU.Build.0 = Release|Any CPU
		{A54322EC-1228-4EF8-8EDA-A47B92050F84}.Release|Any CPU.Deploy.0 = Release|Any CPU
	EndGlobalSection
	GlobalSection(SolutionProperties) = preSolution
		HideSolutionNode = FALSE
	EndGlobalSection
	GlobalSection(ExtensibilityGlobals) = postSolution
		SolutionGuid = {759837B6-ACF7-452E-9BAB-045387F76B0D}
	EndGlobalSection
EndGlobal
